
Microsoft Visual Studio Solution File, Format Version 12.00
# Visual Studio 15
VisualStudioVersion = 15.0.28307.136
MinimumVisualStudioVersion = 10.0.40219.1
Project("{FAE04EC0-301F-11D3-BF4B-00C04F79EFBC}") = "PermGuide", "PermGuide\PermGuide.csproj", "{9E0DD3FE-B33C-4A59-AACF-7550E3C0C53D}"
EndProject
Global
	GlobalSection(SolutionConfigurationPlatforms) = preSolution
		Debug|Any CPU = Debug|Any CPU
		Release|Any CPU = Release|Any CPU
	EndGlobalSection
	GlobalSection(ProjectConfigurationPlatforms) = postSolution
		{9E0DD3FE-B33C-4A59-AACF-7550E3C0C53D}.Debug|Any CPU.ActiveCfg = Debug|Any CPU
		{9E0DD3FE-B33C-4A59-AACF-7550E3C0C53D}.Debug|Any CPU.Build.0 = Debug|Any CPU
		{9E0DD3FE-B33C-4A59-AACF-7550E3C0C53D}.Release|Any CPU.ActiveCfg = Release|Any CPU
		{9E0DD3FE-B33C-4A59-AACF-7550E3C0C53D}.Release|Any CPU.Build.0 = Release|Any CPU
	EndGlobalSection
	GlobalSection(SolutionProperties) = preSolution
		HideSolutionNode = FALSE
	EndGlobalSection
	GlobalSection(ExtensibilityGlobals) = postSolution
		SolutionGuid = {79693B6F-E79D-4BE2-985F-A6894B1569C0}
	EndGlobalSection
EndGlobal
